Microsoft Visual Studio Solution File, Format Version 12.00
# Visual Studio Version 17
VisualStudioVersion = 17.5.2.0
MinimumVisualStudioVersion = 10.0.40219.1
Project("{FAE04EC0-301F-11D3-BF4B-00C04F79EFBC}") = "MusicPlaylistCSharp", "MusicPlaylistCSharp\MusicPlaylistCSharp.csproj", "{7B9F483B-8291-9DDB-B954-E33008AF256A}"
EndProject
Global
	GlobalSection(SolutionConfigurationPlatforms) = preSolution
		Debug|Any CPU = Debug|Any CPU
		Release|Any CPU = Release|Any CPU
	EndGlobalSection
	GlobalSection(ProjectConfigurationPlatforms) = postSolution
		{7B9F483B-8291-9DDB-B954-E33008AF256A}.Debug|Any CPU.ActiveCfg = Debug|Any CPU
		{7B9F483B-8291-9DDB-B954-E33008AF256A}.Debug|Any CPU.Build.0 = Debug|Any CPU
		{7B9F483B-8291-9DDB-B954-E33008AF256A}.Release|Any CPU.ActiveCfg = Release|Any CPU
		{7B9F483B-8291-9DDB-B954-E33008AF256A}.Release|Any CPU.Build.0 = Release|Any CPU
	EndGlobalSection
	GlobalSection(SolutionProperties) = preSolution
		HideSolutionNode = FALSE
	EndGlobalSection
	GlobalSection(ExtensibilityGlobals) = postSolution
		SolutionGuid = {A856DCA9-81D5-4BBC-AD78-3FE69327ADE5}
	EndGlobalSection
EndGlobal
